// !$*UTF8*$!
{
	archiveVersion = 1;
	classes = {
	};
	objectVersion = 46;
	objects = {

/* Begin PBXBuildFile section */
		A7C6341E189440C500E09FD7 /* InfoPlist.strings in Resources */ = {isa = PBXBuildFile; fileRef = A7C633F3189440C500E09FD7 /* InfoPlist.strings */; };
		A7C6341F189440C500E09FD7 /* GameTests-Info.plist in Resources */ = {isa = PBXBuildFile; fileRef = A7C633F5189440C500E09FD7 /* GameTests-Info.plist */; };
		A7C634641894415600E09FD7 /* AppDelegate.m in Sources */ = {isa = PBXBuildFile; fileRef = A7C634231894415600E09FD7 /* AppDelegate.m */; };
		A7C634651894415600E09FD7 /* Main_iPad.storyboard in Resources */ = {isa = PBXBuildFile; fileRef = A7C634241894415600E09FD7 /* Main_iPad.storyboard */; };
		A7C634661894415600E09FD7 /* Main_iPhone.storyboard in Resources */ = {isa = PBXBuildFile; fileRef = A7C634261894415600E09FD7 /* Main_iPhone.storyboard */; };
		A7C6346B1894415600E09FD7 /* BedroomScene.m in Sources */ = {isa = PBXBuildFile; fileRef = A7C6342E1894415600E09FD7 /* BedroomScene.m */; };
		A7C6346C1894415600E09FD7 /* Button.m in Sources */ = {isa = PBXBuildFile; fileRef = A7C634301894415600E09FD7 /* Button.m */; };
		A7C6346D1894415600E09FD7 /* InfoPlist.strings in Resources */ = {isa = PBXBuildFile; fileRef = A7C634311894415600E09FD7 /* InfoPlist.strings */; };
		A7C6346E1894415600E09FD7 /* Enemy.m in Sources */ = {isa = PBXBuildFile; fileRef = A7C634341894415600E09FD7 /* Enemy.m */; };
		A7C634701894415600E09FD7 /* Game-Info.plist in Resources */ = {isa = PBXBuildFile; fileRef = A7C634371894415600E09FD7 /* Game-Info.plist */; };
		A7C634711894415600E09FD7 /* GameObject.m in Sources */ = {isa = PBXBuildFile; fileRef = A7C634391894415600E09FD7 /* GameObject.m */; };
		A7C634721894415600E09FD7 /* GameScene.m in Sources */ = {isa = PBXBuildFile; fileRef = A7C6343B1894415600E09FD7 /* GameScene.m */; };
		A7C634731894415600E09FD7 /* Girl.m in Sources */ = {isa = PBXBuildFile; fileRef = A7C6343D1894415600E09FD7 /* Girl.m */; };
		A7C634741894415600E09FD7 /* GirlAssets.xcassets in Resources */ = {isa = PBXBuildFile; fileRef = A7C6343E1894415600E09FD7 /* GirlAssets.xcassets */; };
		A7C634751894415600E09FD7 /* emptyHeart@2x~ipad.png in Resources */ = {isa = PBXBuildFile; fileRef = A7C634411894415600E09FD7 /* emptyHeart@2x~ipad.png */; };
		A7C634761894415600E09FD7 /* fullHeart@2x~ipad.png in Resources */ = {isa = PBXBuildFile; fileRef = A7C634421894415600E09FD7 /* fullHeart@2x~ipad.png */; };
		A7C634771894415600E09FD7 /* halfHeart@2x~ipad.png in Resources */ = {isa = PBXBuildFile; fileRef = A7C634431894415600E09FD7 /* halfHeart@2x~ipad.png */; };
		A7C634781894415600E09FD7 /* Heart.m in Sources */ = {isa = PBXBuildFile; fileRef = A7C634451894415600E09FD7 /* Heart.m */; };
		A7C634791894415600E09FD7 /* Images.xcassets in Resources */ = {isa = PBXBuildFile; fileRef = A7C634461894415600E09FD7 /* Images.xcassets */; };
		A7C6347A1894415600E09FD7 /* jump_button.png in Resources */ = {isa = PBXBuildFile; fileRef = A7C634471894415600E09FD7 /* jump_button.png */; };
		A7C6347B1894415600E09FD7 /* left_button.png in Resources */ = {isa = PBXBuildFile; fileRef = A7C634481894415600E09FD7 /* left_button.png */; };
		A7C6347C1894415600E09FD7 /* main.m in Sources */ = {isa = PBXBuildFile; fileRef = A7C634491894415600E09FD7 /* main.m */; };
		A7C6347D1894415600E09FD7 /* MenuScene.m in Sources */ = {isa = PBXBuildFile; fileRef = A7C6344C1894415600E09FD7 /* MenuScene.m */; };
		A7C6347E1894415600E09FD7 /* ObjectAssets.xcassets in Resources */ = {isa = PBXBuildFile; fileRef = A7C6344D1894415600E09FD7 /* ObjectAssets.xcassets */; };
		A7C6347F1894415600E09FD7 /* right_button.png in Resources */ = {isa = PBXBuildFile; fileRef = A7C6344E1894415600E09FD7 /* right_button.png */; };
		A7C634801894415600E09FD7 /* SceneBackground.m in Sources */ = {isa = PBXBuildFile; fileRef = A7C634501894415600E09FD7 /* SceneBackground.m */; };
		A7C634811894415600E09FD7 /* SceneDirector.m in Sources */ = {isa = PBXBuildFile; fileRef = A7C634521894415600E09FD7 /* SceneDirector.m */; };
		A7C634871894415600E09FD7 /* tvStandImages.atlas in Resources */ = {isa = PBXBuildFile; fileRef = A7C6345E1894415600E09FD7 /* tvStandImages.atlas */; };
		A7C6348A1894415600E09FD7 /* ViewController.m in Sources */ = {isa = PBXBuildFile; fileRef = A7C634621894415600E09FD7 /* ViewController.m */; };
		A7C6349218944A4700E09FD7 /* Mask.m in Sources */ = {isa = PBXBuildFile; fileRef = A7C6349118944A4700E09FD7 /* Mask.m */; };
		A7C63495189452F400E09FD7 /* living room day.png in Resources */ = {isa = PBXBuildFile; fileRef = A7C63493189452F400E09FD7 /* living room day.png */; };
		A7C63496189452F400E09FD7 /* living room night.png in Resources */ = {isa = PBXBuildFile; fileRef = A7C63494189452F400E09FD7 /* living room night.png */; };
		A7C6349A1894538600E09FD7 /* forest patter.png in Resources */ = {isa = PBXBuildFile; fileRef = A7C634981894538600E09FD7 /* forest patter.png */; };
		A7C6349B1894538600E09FD7 /* star patter.png in Resources */ = {isa = PBXBuildFile; fileRef = A7C634991894538600E09FD7 /* star patter.png */; };
		A7C6349E189453AB00E09FD7 /* switch_off@2x.png in Resources */ = {isa = PBXBuildFile; fileRef = A7C6349C189453AB00E09FD7 /* switch_off@2x.png */; };
		A7C6349F189453AB00E09FD7 /* switch_on@2x.png in Resources */ = {isa = PBXBuildFile; fileRef = A7C6349D189453AB00E09FD7 /* switch_on@2x.png */; };
		EAA9EE5518942C2200D198A5 /* Foundation.framework in Frameworks */ = {isa = PBXBuildFile; fileRef = EAA9EE5418942C2200D198A5 /* Foundation.framework */; };
		EAA9EE5718942C2200D198A5 /* CoreGraphics.framework in Frameworks */ = {isa = PBXBuildFile; fileRef = EAA9EE5618942C2200D198A5 /* CoreGraphics.framework */; };
		EAA9EE5918942C2200D198A5 /* UIKit.framework in Frameworks */ = {isa = PBXBuildFile; fileRef = EAA9EE5818942C2200D198A5 /* UIKit.framework */; };
		EAA9EE5B18942C2200D198A5 /* SpriteKit.framework in Frameworks */ = {isa = PBXBuildFile; fileRef = EAA9EE5A18942C2200D198A5 /* SpriteKit.framework */; };
		EAA9EE7E18942C2200D198A5 /* XCTest.framework in Frameworks */ = {isa = PBXBuildFile; fileRef = EAA9EE7D18942C2200D198A5 /* XCTest.framework */; };
		EAA9EE7F18942C2200D198A5 /* Foundation.framework in Frameworks */ = {isa = PBXBuildFile; fileRef = EAA9EE5418942C2200D198A5 /* Foundation.framework */; };
		EAA9EE8018942C2200D198A5 /* UIKit.framework in Frameworks */ = {isa = PBXBuildFile; fileRef = EAA9EE5818942C2200D198A5 /* UIKit.framework */; };
/* End PBXBuildFile section */

/* Begin PBXContainerItemProxy section */
		EAA9EE8118942C2200D198A5 /* PBXContainerItemProxy */ = {
			isa = PBXContainerItemProxy;
			containerPortal = EAA9EE4918942C2200D198A5 /* Project object */;
			proxyType = 1;
			remoteGlobalIDString = EAA9EE5018942C2200D198A5;
			remoteInfo = WiMTTest;
		};
/* End PBXContainerItemProxy section */

/* Begin PBXFileReference section */
		A7C633F4189440C500E09FD7 /* en */ = {isa = PBXFileReference; lastKnownFileType = text.plist.strings; name = en; path = en.lproj/InfoPlist.strings; sourceTree = "<group>"; };
		A7C633F5189440C500E09FD7 /* GameTests-Info.plist */ = {isa = PBXFileReference; fileEncoding = 4; lastKnownFileType = text.plist.xml; path = "GameTests-Info.plist"; sourceTree = "<group>"; };
		A7C634221894415600E09FD7 /* AppDelegate.h */ = {isa = PBXFileReference; fileEncoding = 4; lastKnownFileType = sourcecode.c.h; path = AppDelegate.h; sourceTree = "<group>"; };
		A7C634231894415600E09FD7 /* AppDelegate.m */ = {isa = PBXFileReference; fileEncoding = 4; lastKnownFileType = sourcecode.c.objc; path = AppDelegate.m; sourceTree = "<group>"; };
		A7C634251894415600E09FD7 /* Base */ = {isa = PBXFileReference; lastKnownFileType = file.storyboard; name = Base; path = Base.lproj/Main_iPad.storyboard; sourceTree = "<group>"; };
		A7C634271894415600E09FD7 /* Base */ = {isa = PBXFileReference; lastKnownFileType = file.storyboard; name = Base; path = Base.lproj/Main_iPhone.storyboard; sourceTree = "<group>"; };
		A7C6342D1894415600E09FD7 /* BedroomScene.h */ = {isa = PBXFileReference; fileEncoding = 4; lastKnownFileType = sourcecode.c.h; path = BedroomScene.h; sourceTree = "<group>"; };
		A7C6342E1894415600E09FD7 /* BedroomScene.m */ = {isa = PBXFileReference; fileEncoding = 4; lastKnownFileType = sourcecode.c.objc; path = BedroomScene.m; sourceTree = "<group>"; };
		A7C6342F1894415600E09FD7 /* Button.h */ = {isa = PBXFileReference; fileEncoding = 4; lastKnownFileType = sourcecode.c.h; path = Button.h; sourceTree = "<group>"; };
		A7C634301894415600E09FD7 /* Button.m */ = {isa = PBXFileReference; fileEncoding = 4; lastKnownFileType = sourcecode.c.objc; path = Button.m; sourceTree = "<group>"; };
		A7C634321894415600E09FD7 /* en */ = {isa = PBXFileReference; lastKnownFileType = text.plist.strings; name = en; path = en.lproj/InfoPlist.strings; sourceTree = "<group>"; };
		A7C634331894415600E09FD7 /* Enemy.h */ = {isa = PBXFileReference; fileEncoding = 4; lastKnownFileType = sourcecode.c.h; path = Enemy.h; sourceTree = "<group>"; };
		A7C634341894415600E09FD7 /* Enemy.m */ = {isa = PBXFileReference; fileEncoding = 4; lastKnownFileType = sourcecode.c.objc; path = Enemy.m; sourceTree = "<group>"; };
		A7C634371894415600E09FD7 /* Game-Info.plist */ = {isa = PBXFileReference; fileEncoding = 4; lastKnownFileType = text.plist.xml; path = "Game-Info.plist"; sourceTree = "<group>"; };
		A7C634381894415600E09FD7 /* GameObject.h */ = {isa = PBXFileReference; fileEncoding = 4; lastKnownFileType = sourcecode.c.h; path = GameObject.h; sourceTree = "<group>"; };
		A7C634391894415600E09FD7 /* GameObject.m */ = {isa = PBXFileReference; fileEncoding = 4; lastKnownFileType = sourcecode.c.objc; path = GameObject.m; sourceTree = "<group>"; };
		A7C6343A1894415600E09FD7 /* GameScene.h */ = {isa = PBXFileReference; fileEncoding = 4; lastKnownFileType = sourcecode.c.h; path = GameScene.h; sourceTree = "<group>"; };
		A7C6343B1894415600E09FD7 /* GameScene.m */ = {isa = PBXFileReference; fileEncoding = 4; lastKnownFileType = sourcecode.c.objc; path = GameScene.m; sourceTree = "<group>"; };
		A7C6343C1894415600E09FD7 /* Girl.h */ = {isa = PBXFileReference; fileEncoding = 4; lastKnownFileType = sourcecode.c.h; path = Girl.h; sourceTree = "<group>"; };
		A7C6343D1894415600E09FD7 /* Girl.m */ = {isa = PBXFileReference; fileEncoding = 4; lastKnownFileType = sourcecode.c.objc; path = Girl.m; sourceTree = "<group>"; };
		A7C6343E1894415600E09FD7 /* GirlAssets.xcassets */ = {isa = PBXFileReference; lastKnownFileType = folder.assetcatalog; path = GirlAssets.xcassets; sourceTree = "<group>"; };
		A7C6343F1894415600E09FD7 /* GirlMovedDelegate.h */ = {isa = PBXFileReference; fileEncoding = 4; lastKnownFileType = sourcecode.c.h; path = GirlMovedDelegate.h; sourceTree = "<group>"; };
		A7C634411894415600E09FD7 /* emptyHeart@2x~ipad.png */ = {isa = PBXFileReference; lastKnownFileType = image.png; path = "emptyHeart@2x~ipad.png"; sourceTree = "<group>"; };
		A7C634421894415600E09FD7 /* fullHeart@2x~ipad.png */ = {isa = PBXFileReference; lastKnownFileType = image.png; path = "fullHeart@2x~ipad.png"; sourceTree = "<group>"; };
		A7C634431894415600E09FD7 /* halfHeart@2x~ipad.png */ = {isa = PBXFileReference; lastKnownFileType = image.png; path = "halfHeart@2x~ipad.png"; sourceTree = "<group>"; };
		A7C634441894415600E09FD7 /* Heart.h */ = {isa = PBXFileReference; fileEncoding = 4; lastKnownFileType = sourcecode.c.h; path = Heart.h; sourceTree = "<group>"; };
		A7C634451894415600E09FD7 /* Heart.m */ = {isa = PBXFileReference; fileEncoding = 4; lastKnownFileType = sourcecode.c.objc; path = Heart.m; sourceTree = "<group>"; };
		A7C634461894415600E09FD7 /* Images.xcassets */ = {isa = PBXFileReference; lastKnownFileType = folder.assetcatalog; path = Images.xcassets; sourceTree = "<group>"; };
		A7C634471894415600E09FD7 /* jump_button.png */ = {isa = PBXFileReference; lastKnownFileType = image.png; path = jump_button.png; sourceTree = "<group>"; };
		A7C634481894415600E09FD7 /* left_button.png */ = {isa = PBXFileReference; lastKnownFileType = image.png; path = left_button.png; sourceTree = "<group>"; };
		A7C634491894415600E09FD7 /* main.m */ = {isa = PBXFileReference; fileEncoding = 4; lastKnownFileType = sourcecode.c.objc; path = main.m; sourceTree = "<group>"; };
		A7C6344B1894415600E09FD7 /* MenuScene.h */ = {isa = PBXFileReference; fileEncoding = 4; lastKnownFileType = sourcecode.c.h; path = MenuScene.h; sourceTree = "<group>"; };
		A7C6344C1894415600E09FD7 /* MenuScene.m */ = {isa = PBXFileReference; fileEncoding = 4; lastKnownFileType = sourcecode.c.objc; path = MenuScene.m; sourceTree = "<group>"; };
		A7C6344D1894415600E09FD7 /* ObjectAssets.xcassets */ = {isa = PBXFileReference; lastKnownFileType = folder.assetcatalog; name = ObjectAssets.xcassets; path = ../ObjectAssets.xcassets; sourceTree = "<group>"; };
		A7C6344E1894415600E09FD7 /* right_button.png */ = {isa = PBXFileReference; lastKnownFileType = image.png; path = right_button.png; sourceTree = "<group>"; };
		A7C6344F1894415600E09FD7 /* SceneBackground.h */ = {isa = PBXFileReference; fileEncoding = 4; lastKnownFileType = sourcecode.c.h; path = SceneBackground.h; sourceTree = "<group>"; };
		A7C634501894415600E09FD7 /* SceneBackground.m */ = {isa = PBXFileReference; fileEncoding = 4; lastKnownFileType = sourcecode.c.objc; path = SceneBackground.m; sourceTree = "<group>"; };
		A7C634511894415600E09FD7 /* SceneDirector.h */ = {isa = PBXFileReference; fileEncoding = 4; lastKnownFileType = sourcecode.c.h; path = SceneDirector.h; sourceTree = "<group>"; };
		A7C634521894415600E09FD7 /* SceneDirector.m */ = {isa = PBXFileReference; fileEncoding = 4; lastKnownFileType = sourcecode.c.objc; path = SceneDirector.m; sourceTree = "<group>"; };
		A7C6345E1894415600E09FD7 /* tvStandImages.atlas */ = {isa = PBXFileReference; lastKnownFileType = folder.skatlas; path = tvStandImages.atlas; sourceTree = "<group>"; };
		A7C634611894415600E09FD7 /* ViewController.h */ = {isa = PBXFileReference; fileEncoding = 4; lastKnownFileType = sourcecode.c.h; path = ViewController.h; sourceTree = "<group>"; };
		A7C634621894415600E09FD7 /* ViewController.m */ = {isa = PBXFileReference; fileEncoding = 4; lastKnownFileType = sourcecode.c.objc; path = ViewController.m; sourceTree = "<group>"; };
		A7C634631894415600E09FD7 /* WiMTTest-Prefix.pch */ = {isa = PBXFileReference; fileEncoding = 4; lastKnownFileType = sourcecode.c.h; path = "WiMTTest-Prefix.pch"; sourceTree = "<group>"; };
		A7C6349018944A4700E09FD7 /* Mask.h */ = {isa = PBXFileReference; fileEncoding = 4; lastKnownFileType = sourcecode.c.h; path = Mask.h; sourceTree = "<group>"; };
		A7C6349118944A4700E09FD7 /* Mask.m */ = {isa = PBXFileReference; fileEncoding = 4; lastKnownFileType = sourcecode.c.objc; path = Mask.m; sourceTree = "<group>"; };
		A7C63493189452F400E09FD7 /* living room day.png */ = {isa = PBXFileReference; lastKnownFileType = image.png; name = "living room day.png"; path = "bedRoom/living room day.png"; sourceTree = "<group>"; };
		A7C63494189452F400E09FD7 /* living room night.png */ = {isa = PBXFileReference; lastKnownFileType = image.png; name = "living room night.png"; path = "bedRoom/living room night.png"; sourceTree = "<group>"; };
		A7C634981894538600E09FD7 /* forest patter.png */ = {isa = PBXFileReference; lastKnownFileType = image.png; path = "forest patter.png"; sourceTree = "<group>"; };
		A7C634991894538600E09FD7 /* star patter.png */ = {isa = PBXFileReference; lastKnownFileType = image.png; path = "star patter.png"; sourceTree = "<group>"; };
		A7C6349C189453AB00E09FD7 /* switch_off@2x.png */ = {isa = PBXFileReference; lastKnownFileType = image.png; path = "switch_off@2x.png"; sourceTree = "<group>"; };
		A7C6349D189453AB00E09FD7 /* switch_on@2x.png */ = {isa = PBXFileReference; lastKnownFileType = image.png; path = "switch_on@2x.png"; sourceTree = "<group>"; };
		EAA9EE5118942C2200D198A5 /* WiMTTest.app */ = {isa = PBXFileReference; explicitFileType = wrapper.application; includeInIndex = 0; path = WiMTTest.app; sourceTree = BUILT_PRODUCTS_DIR; };
		EAA9EE5418942C2200D198A5 /* Foundation.framework */ = {isa = PBXFileReference; lastKnownFileType = wrapper.framework; name = Foundation.framework; path = System/Library/Frameworks/Foundation.framework; sourceTree = SDKROOT; };
		EAA9EE5618942C2200D198A5 /* CoreGraphics.framework */ = {isa = PBXFileReference; lastKnownFileType = wrapper.framework; name = CoreGraphics.framework; path = System/Library/Frameworks/CoreGraphics.framework; sourceTree = SDKROOT; };
		EAA9EE5818942C2200D198A5 /* UIKit.framework */ = {isa = PBXFileReference; lastKnownFileType = wrapper.framework; name = UIKit.framework; path = System/Library/Frameworks/UIKit.framework; sourceTree = SDKROOT; };
		EAA9EE5A18942C2200D198A5 /* SpriteKit.framework */ = {isa = PBXFileReference; lastKnownFileType = wrapper.framework; name = SpriteKit.framework; path = System/Library/Frameworks/SpriteKit.framework; sourceTree = SDKROOT; };
		EAA9EE7C18942C2200D198A5 /* WiMTTestTests.xctest */ = {isa = PBXFileReference; explicitFileType = wrapper.cfbundle; includeInIndex = 0; path = WiMTTestTests.xctest; sourceTree = BUILT_PRODUCTS_DIR; };
		EAA9EE7D18942C2200D198A5 /* XCTest.framework */ = {isa = PBXFileReference; lastKnownFileType = wrapper.framework; name = XCTest.framework; path = Library/Frameworks/XCTest.framework; sourceTree = DEVELOPER_DIR; };
/* End PBXFileReference section */

/* Begin PBXFrameworksBuildPhase section */
		EAA9EE4E18942C2200D198A5 /* Frameworks */ = {
			isa = PBXFrameworksBuildPhase;
			buildActionMask = 2147483647;
			files = (
				EAA9EE5718942C2200D198A5 /* CoreGraphics.framework in Frameworks */,
				EAA9EE5918942C2200D198A5 /* UIKit.framework in Frameworks */,
				EAA9EE5B18942C2200D198A5 /* SpriteKit.framework in Frameworks */,
				EAA9EE5518942C2200D198A5 /* Foundation.framework in Frameworks */,
			);
			runOnlyForDeploymentPostprocessing = 0;
		};
		EAA9EE7918942C2200D198A5 /* Frameworks */ = {
			isa = PBXFrameworksBuildPhase;
			buildActionMask = 2147483647;
			files = (
				EAA9EE7E18942C2200D198A5 /* XCTest.framework in Frameworks */,
				EAA9EE8018942C2200D198A5 /* UIKit.framework in Frameworks */,
				EAA9EE7F18942C2200D198A5 /* Foundation.framework in Frameworks */,
			);
			runOnlyForDeploymentPostprocessing = 0;
		};
/* End PBXFrameworksBuildPhase section */

/* Begin PBXGroup section */
		A7C633F2189440C500E09FD7 /* WiMTTestTests */ = {
			isa = PBXGroup;
			children = (
				A7C633F3189440C500E09FD7 /* InfoPlist.strings */,
				A7C633F5189440C500E09FD7 /* GameTests-Info.plist */,
			);
			path = WiMTTestTests;
			sourceTree = "<group>";
		};
		A7C634211894415600E09FD7 /* WiMTTest */ = {
			isa = PBXGroup;
			children = (
				A7C634221894415600E09FD7 /* AppDelegate.h */,
				A7C634231894415600E09FD7 /* AppDelegate.m */,
				A7C634241894415600E09FD7 /* Main_iPad.storyboard */,
				A7C634261894415600E09FD7 /* Main_iPhone.storyboard */,
				A7C6348F189442F000E09FD7 /* Universal objects */,
				A7C634281894415600E09FD7 /* bedRoom */,
				A7C63497189452FC00E09FD7 /* Living room */,
				A7C6342D1894415600E09FD7 /* BedroomScene.h */,
				A7C6342E1894415600E09FD7 /* BedroomScene.m */,
				A7C6342F1894415600E09FD7 /* Button.h */,
				A7C634301894415600E09FD7 /* Button.m */,
				A7C634311894415600E09FD7 /* InfoPlist.strings */,
				A7C634331894415600E09FD7 /* Enemy.h */,
				A7C634341894415600E09FD7 /* Enemy.m */,
				A7C634371894415600E09FD7 /* Game-Info.plist */,
				A7C634381894415600E09FD7 /* GameObject.h */,
				A7C634391894415600E09FD7 /* GameObject.m */,
				A7C6343A1894415600E09FD7 /* GameScene.h */,
				A7C6343B1894415600E09FD7 /* GameScene.m */,
				A7C6343C1894415600E09FD7 /* Girl.h */,
				A7C6343D1894415600E09FD7 /* Girl.m */,
				A7C6343E1894415600E09FD7 /* GirlAssets.xcassets */,
				A7C6343F1894415600E09FD7 /* GirlMovedDelegate.h */,
				A7C634401894415600E09FD7 /* heart */,
				A7C634441894415600E09FD7 /* Heart.h */,
				A7C634451894415600E09FD7 /* Heart.m */,
				A7C634461894415600E09FD7 /* Images.xcassets */,
				A7C634471894415600E09FD7 /* jump_button.png */,
				A7C634481894415600E09FD7 /* left_button.png */,
				A7C634491894415600E09FD7 /* main.m */,
				A7C6349018944A4700E09FD7 /* Mask.h */,
				A7C6349118944A4700E09FD7 /* Mask.m */,
				A7C6344B1894415600E09FD7 /* MenuScene.h */,
				A7C6344C1894415600E09FD7 /* MenuScene.m */,
				A7C6344E1894415600E09FD7 /* right_button.png */,
				A7C6344F1894415600E09FD7 /* SceneBackground.h */,
				A7C634501894415600E09FD7 /* SceneBackground.m */,
				A7C634511894415600E09FD7 /* SceneDirector.h */,
				A7C634521894415600E09FD7 /* SceneDirector.m */,
				A7C6345D1894415600E09FD7 /* tvStandImages */,
				A7C634611894415600E09FD7 /* ViewController.h */,
				A7C634621894415600E09FD7 /* ViewController.m */,
				A7C634631894415600E09FD7 /* WiMTTest-Prefix.pch */,
			);
			path = WiMTTest;
			sourceTree = "<group>";
		};
		A7C634281894415600E09FD7 /* bedRoom */ = {
			isa = PBXGroup;
			children = (
				A7C6344D1894415600E09FD7 /* ObjectAssets.xcassets */,
			);
			path = bedRoom;
			sourceTree = "<group>";
		};
		A7C634401894415600E09FD7 /* heart */ = {
			isa = PBXGroup;
			children = (
				A7C634411894415600E09FD7 /* emptyHeart@2x~ipad.png */,
				A7C634421894415600E09FD7 /* fullHeart@2x~ipad.png */,
				A7C634431894415600E09FD7 /* halfHeart@2x~ipad.png */,
			);
			path = heart;
			sourceTree = "<group>";
		};
		A7C6345D1894415600E09FD7 /* tvStandImages */ = {
			isa = PBXGroup;
			children = (
				A7C6345E1894415600E09FD7 /* tvStandImages.atlas */,
			);
			path = tvStandImages;
			sourceTree = "<group>";
		};
		A7C6348F189442F000E09FD7 /* Universal objects */ = {
			isa = PBXGroup;
			children = (
				A7C6349C189453AB00E09FD7 /* switch_off@2x.png */,
				A7C6349D189453AB00E09FD7 /* switch_on@2x.png */,
				A7C634981894538600E09FD7 /* forest patter.png */,
				A7C634991894538600E09FD7 /* star patter.png */,
			);
			name = "Universal objects";
			sourceTree = "<group>";
		};
		A7C63497189452FC00E09FD7 /* Living room */ = {
			isa = PBXGroup;
			children = (
				A7C63493189452F400E09FD7 /* living room day.png */,
				A7C63494189452F400E09FD7 /* living room night.png */,
			);
			name = "Living room";
			sourceTree = "<group>";
		};
		EAA9EE4818942C2200D198A5 = {
			isa = PBXGroup;
			children = (
				A7C634211894415600E09FD7 /* WiMTTest */,
				EAA9EE5318942C2200D198A5 /* Frameworks */,
				EAA9EE5218942C2200D198A5 /* Products */,
				A7C633F2189440C500E09FD7 /* WiMTTestTests */,
			);
			sourceTree = "<group>";
		};
		EAA9EE5218942C2200D198A5 /* Products */ = {
			isa = PBXGroup;
			children = (
				EAA9EE5118942C2200D198A5 /* WiMTTest.app */,
				EAA9EE7C18942C2200D198A5 /* WiMTTestTests.xctest */,
			);
			name = Products;
			sourceTree = "<group>";
		};
		EAA9EE5318942C2200D198A5 /* Frameworks */ = {
			isa = PBXGroup;
			children = (
				EAA9EE5418942C2200D198A5 /* Foundation.framework */,
				EAA9EE5618942C2200D198A5 /* CoreGraphics.framework */,
				EAA9EE5818942C2200D198A5 /* UIKit.framework */,
				EAA9EE5A18942C2200D198A5 /* SpriteKit.framework */,
				EAA9EE7D18942C2200D198A5 /* XCTest.framework */,
			);
			name = Frameworks;
			sourceTree = "<group>";
		};
/* End PBXGroup section */

/* Begin PBXNativeTarget section */
		EAA9EE5018942C2200D198A5 /* WiMTTest */ = {
			isa = PBXNativeTarget;
			buildConfigurationList = EAA9EE8D18942C2200D198A5 /* Build configuration list for PBXNativeTarget "WiMTTest" */;
			buildPhases = (
				EAA9EE4D18942C2200D198A5 /* Sources */,
				EAA9EE4E18942C2200D198A5 /* Frameworks */,
				EAA9EE4F18942C2200D198A5 /* Resources */,
			);
			buildRules = (
			);
			dependencies = (
			);
			name = WiMTTest;
			productName = WiMTTest;
			productReference = EAA9EE5118942C2200D198A5 /* WiMTTest.app */;
			productType = "com.apple.product-type.application";
		};
		EAA9EE7B18942C2200D198A5 /* WiMTTestTests */ = {
			isa = PBXNativeTarget;
			buildConfigurationList = EAA9EE9018942C2200D198A5 /* Build configuration list for PBXNativeTarget "WiMTTestTests" */;
			buildPhases = (
				EAA9EE7818942C2200D198A5 /* Sources */,
				EAA9EE7918942C2200D198A5 /* Frameworks */,
				EAA9EE7A18942C2200D198A5 /* Resources */,
			);
			buildRules = (
			);
			dependencies = (
				EAA9EE8218942C2200D198A5 /* PBXTargetDependency */,
			);
			name = WiMTTestTests;
			productName = WiMTTestTests;
			productReference = EAA9EE7C18942C2200D198A5 /* WiMTTestTests.xctest */;
			productType = "com.apple.product-type.bundle.unit-test";
		};
/* End PBXNativeTarget section */

/* Begin PBXProject section */
		EAA9EE4918942C2200D198A5 /* Project object */ = {
			isa = PBXProject;
			attributes = {
				LastUpgradeCheck = 0500;
				ORGANIZATIONNAME = AppBit;
				TargetAttributes = {
					EAA9EE7B18942C2200D198A5 = {
						TestTargetID = EAA9EE5018942C2200D198A5;
					};
				};
			};
			buildConfigurationList = EAA9EE4C18942C2200D198A5 /* Build configuration list for PBXProject "WiMTTest" */;
			compatibilityVersion = "Xcode 3.2";
			developmentRegion = English;
			hasScannedForEncodings = 0;
			knownRegions = (
				en,
				Base,
			);
			mainGroup = EAA9EE4818942C2200D198A5;
			productRefGroup = EAA9EE5218942C2200D198A5 /* Products */;
			projectDirPath = "";
			projectRoot = "";
			targets = (
				EAA9EE5018942C2200D198A5 /* WiMTTest */,
				EAA9EE7B18942C2200D198A5 /* WiMTTestTests */,
			);
		};
/* End PBXProject section */

/* Begin PBXResourcesBuildPhase section */
		EAA9EE4F18942C2200D198A5 /* Resources */ = {
			isa = PBXResourcesBuildPhase;
			buildActionMask = 2147483647;
			files = (
				A7C6347A1894415600E09FD7 /* jump_button.png in Resources */,
				A7C634791894415600E09FD7 /* Images.xcassets in Resources */,
				A7C63495189452F400E09FD7 /* living room day.png in Resources */,
				A7C6349E189453AB00E09FD7 /* switch_off@2x.png in Resources */,
				A7C634761894415600E09FD7 /* fullHeart@2x~ipad.png in Resources */,
				A7C6349F189453AB00E09FD7 /* switch_on@2x.png in Resources */,
				A7C6347F1894415600E09FD7 /* right_button.png in Resources */,
				A7C634871894415600E09FD7 /* tvStandImages.atlas in Resources */,
				A7C634751894415600E09FD7 /* emptyHeart@2x~ipad.png in Resources */,
				A7C634771894415600E09FD7 /* halfHeart@2x~ipad.png in Resources */,
				A7C634661894415600E09FD7 /* Main_iPhone.storyboard in Resources */,
				A7C6349A1894538600E09FD7 /* forest patter.png in Resources */,
				A7C634651894415600E09FD7 /* Main_iPad.storyboard in Resources */,
				A7C6347B1894415600E09FD7 /* left_button.png in Resources */,
				A7C6341E189440C500E09FD7 /* InfoPlist.strings in Resources */,
				A7C634741894415600E09FD7 /* GirlAssets.xcassets in Resources */,
				A7C6347E1894415600E09FD7 /* ObjectAssets.xcassets in Resources */,
				A7C63496189452F400E09FD7 /* living room night.png in Resources */,
				A7C634701894415600E09FD7 /* Game-Info.plist in Resources */,
				A7C6349B1894538600E09FD7 /* star patter.png in Resources */,
				A7C6346D1894415600E09FD7 /* InfoPlist.strings in Resources */,
				A7C6341F189440C500E09FD7 /* GameTests-Info.plist in Resources */,
			);
			runOnlyForDeploymentPostprocessing = 0;
		};
		EAA9EE7A18942C2200D198A5 /* Resources */ = {
			isa = PBXResourcesBuildPhase;
			buildActionMask = 2147483647;
			files = (
			);
			runOnlyForDeploymentPostprocessing = 0;
		};
/* End PBXResourcesBuildPhase section */

/* Begin PBXSourcesBuildPhase section */
		EAA9EE4D18942C2200D198A5 /* Sources */ = {
			isa = PBXSourcesBuildPhase;
			buildActionMask = 2147483647;
			files = (
				A7C6348A1894415600E09FD7 /* ViewController.m in Sources */,
				A7C6347D1894415600E09FD7 /* MenuScene.m in Sources */,
				A7C6347C1894415600E09FD7 /* main.m in Sources */,
				A7C634641894415600E09FD7 /* AppDelegate.m in Sources */,
				A7C6346E1894415600E09FD7 /* Enemy.m in Sources */,
				A7C634781894415600E09FD7 /* Heart.m in Sources */,
				A7C634721894415600E09FD7 /* GameScene.m in Sources */,
				A7C634811894415600E09FD7 /* SceneDirector.m in Sources */,
				A7C6346B1894415600E09FD7 /* BedroomScene.m in Sources */,
				A7C634711894415600E09FD7 /* GameObject.m in Sources */,
				A7C6346C1894415600E09FD7 /* Button.m in Sources */,
				A7C6349218944A4700E09FD7 /* Mask.m in Sources */,
				A7C634801894415600E09FD7 /* SceneBackground.m in Sources */,
				A7C634731894415600E09FD7 /* Girl.m in Sources */,
			);
			runOnlyForDeploymentPostprocessing = 0;
		};
		EAA9EE7818942C2200D198A5 /* Sources */ = {
			isa = PBXSourcesBuildPhase;
			buildActionMask = 2147483647;
			files = (
			);
			runOnlyForDeploymentPostprocessing = 0;
		};
/* End PBXSourcesBuildPhase section */

/* Begin PBXTargetDependency section */
		EAA9EE8218942C2200D198A5 /* PBXTargetDependency */ = {
			isa = PBXTargetDependency;
			target = EAA9EE5018942C2200D198A5 /* WiMTTest */;
			targetProxy = EAA9EE8118942C2200D198A5 /* PBXContainerItemProxy */;
		};
/* End PBXTargetDependency section */

/* Begin PBXVariantGroup section */
		A7C633F3189440C500E09FD7 /* InfoPlist.strings */ = {
			isa = PBXVariantGroup;
			children = (
				A7C633F4189440C500E09FD7 /* en */,
			);
			name = InfoPlist.strings;
			sourceTree = "<group>";
		};
		A7C634241894415600E09FD7 /* Main_iPad.storyboard */ = {
			isa = PBXVariantGroup;
			children = (
				A7C634251894415600E09FD7 /* Base */,
			);
			name = Main_iPad.storyboard;
			sourceTree = "<group>";
		};
		A7C634261894415600E09FD7 /* Main_iPhone.storyboard */ = {
			isa = PBXVariantGroup;
			children = (
				A7C634271894415600E09FD7 /* Base */,
			);
			name = Main_iPhone.storyboard;
			sourceTree = "<group>";
		};
		A7C634311894415600E09FD7 /* InfoPlist.strings */ = {
			isa = PBXVariantGroup;
			children = (
				A7C634321894415600E09FD7 /* en */,
			);
			name = InfoPlist.strings;
			sourceTree = "<group>";
		};
/* End PBXVariantGroup section */

/* Begin XCBuildConfiguration section */
		EAA9EE8B18942C2200D198A5 /* Debug */ = {
			isa = XCBuildConfiguration;
			buildSettings = {
				ALWAYS_SEARCH_USER_PATHS = NO;
				ARCHS = "$(ARCHS_STANDARD_INCLUDING_64_BIT)";
				CLANG_CXX_LANGUAGE_STANDARD = "gnu++0x";
				CLANG_CXX_LIBRARY = "libc++";
				CLANG_ENABLE_MODULES = YES;
				CLANG_ENABLE_OBJC_ARC = YES;
				CLANG_WARN_BOOL_CONVERSION = YES;
				CLANG_WARN_CONSTANT_CONVERSION = YES;
				CLANG_WARN_DIRECT_OBJC_ISA_USAGE = YES_ERROR;
				CLANG_WARN_EMPTY_BODY = YES;
				CLANG_WARN_ENUM_CONVERSION = YES;
				CLANG_WARN_INT_CONVERSION = YES;
				CLANG_WARN_OBJC_ROOT_CLASS = YES_ERROR;
				CLANG_WARN__DUPLICATE_METHOD_MATCH = YES;
				"CODE_SIGN_IDENTITY[sdk=iphoneos*]" = "iPhone Developer";
				COPY_PHASE_STRIP = NO;
				GCC_C_LANGUAGE_STANDARD = gnu99;
				GCC_DYNAMIC_NO_PIC = NO;
				GCC_OPTIMIZATION_LEVEL = 0;
				GCC_PREPROCESSOR_DEFINITIONS = (
					"DEBUG=1",
					"$(inherited)",
				);
				GCC_SYMBOLS_PRIVATE_EXTERN = NO;
				GCC_WARN_64_TO_32_BIT_CONVERSION = YES;
				GCC_WARN_ABOUT_RETURN_TYPE = YES_ERROR;
				GCC_WARN_UNDECLARED_SELECTOR = YES;
				GCC_WARN_UNINITIALIZED_AUTOS = YES;
				GCC_WARN_UNUSED_FUNCTION = YES;
				GCC_WARN_UNUSED_VARIABLE = YES;
				IPHONEOS_DEPLOYMENT_TARGET = 7.0;
				ONLY_ACTIVE_ARCH = YES;
				SDKROOT = iphoneos;
				TARGETED_DEVICE_FAMILY = "1,2";
			};
			name = Debug;
		};
		EAA9EE8C18942C2200D198A5 /* Release */ = {
			isa = XCBuildConfiguration;
			buildSettings = {
				ALWAYS_SEARCH_USER_PATHS = NO;
				ARCHS = "$(ARCHS_STANDARD_INCLUDING_64_BIT)";
				CLANG_CXX_LANGUAGE_STANDARD = "gnu++0x";
				CLANG_CXX_LIBRARY = "libc++";
				CLANG_ENABLE_MODULES = YES;
				CLANG_ENABLE_OBJC_ARC = YES;
				CLANG_WARN_BOOL_CONVERSION = YES;
				CLANG_WARN_CONSTANT_CONVERSION = YES;
				CLANG_WARN_DIRECT_OBJC_ISA_USAGE = YES_ERROR;
				CLANG_WARN_EMPTY_BODY = YES;
				CLANG_WARN_ENUM_CONVERSION = YES;
				CLANG_WARN_INT_CONVERSION = YES;
				CLANG_WARN_OBJC_ROOT_CLASS = YES_ERROR;
				CLANG_WARN__DUPLICATE_METHOD_MATCH = YES;
				"CODE_SIGN_IDENTITY[sdk=iphoneos*]" = "iPhone Developer";
				COPY_PHASE_STRIP = YES;
				ENABLE_NS_ASSERTIONS = NO;
				GCC_C_LANGUAGE_STANDARD = gnu99;
				GCC_WARN_64_TO_32_BIT_CONVERSION = YES;
				GCC_WARN_ABOUT_RETURN_TYPE = YES_ERROR;
				GCC_WARN_UNDECLARED_SELECTOR = YES;
				GCC_WARN_UNINITIALIZED_AUTOS = YES;
				GCC_WARN_UNUSED_FUNCTION = YES;
				GCC_WARN_UNUSED_VARIABLE = YES;
				IPHONEOS_DEPLOYMENT_TARGET = 7.0;
				SDKROOT = iphoneos;
				TARGETED_DEVICE_FAMILY = "1,2";
				VALIDATE_PRODUCT = YES;
			};
			name = Release;
		};
		EAA9EE8E18942C2200D198A5 /* Debug */ = {
			isa = XCBuildConfiguration;
			buildSettings = {
				ASSETCATALOG_COMPILER_APPICON_NAME = AppIcon;
				ASSETCATALOG_COMPILER_LAUNCHIMAGE_NAME = LaunchImage;
				GCC_PRECOMPILE_PREFIX_HEADER = YES;
				GCC_PREFIX_HEADER = "WiMTTest/WiMTTest-Prefix.pch";
				INFOPLIST_FILE = "$(SRCROOT)/Game/Game-Info.plist";
				PRODUCT_NAME = "$(TARGET_NAME)";
				SPRITEKIT_TEXTURE_ATLAS_OUTPUT = YES;
				WRAPPER_EXTENSION = app;
			};
			name = Debug;
		};
		EAA9EE8F18942C2200D198A5 /* Release */ = {
			isa = XCBuildConfiguration;
			buildSettings = {
				ASSETCATALOG_COMPILER_APPICON_NAME = AppIcon;
				ASSETCATALOG_COMPILER_LAUNCHIMAGE_NAME = LaunchImage;
				GCC_PRECOMPILE_PREFIX_HEADER = YES;
				GCC_PREFIX_HEADER = "WiMTTest/WiMTTest-Prefix.pch";
				INFOPLIST_FILE = "$(SRCROOT)/Game/Game-Info.plist";
				PRODUCT_NAME = "$(TARGET_NAME)";
				SPRITEKIT_TEXTURE_ATLAS_OUTPUT = YES;
				WRAPPER_EXTENSION = app;
			};
			name = Release;
		};
		EAA9EE9118942C2200D198A5 /* Debug */ = {
			isa = XCBuildConfiguration;
			buildSettings = {
				ARCHS = "$(ARCHS_STANDARD_INCLUDING_64_BIT)";
				BUNDLE_LOADER = "$(BUILT_PRODUCTS_DIR)/WiMTTest.app/WiMTTest";
				FRAMEWORK_SEARCH_PATHS = (
					"$(SDKROOT)/Developer/Library/Frameworks",
					"$(inherited)",
					"$(DEVELOPER_FRAMEWORKS_DIR)",
				);
				GCC_PRECOMPILE_PREFIX_HEADER = YES;
				GCC_PREFIX_HEADER = "WiMTTest/WiMTTest-Prefix.pch";
				GCC_PREPROCESSOR_DEFINITIONS = (
					"DEBUG=1",
					"$(inherited)",
				);
				INFOPLIST_FILE = "WiMTTestTests/WiMTTestTests-Info.plist";
				PRODUCT_NAME = "$(TARGET_NAME)";
				TEST_HOST = "$(BUNDLE_LOADER)";
				WRAPPER_EXTENSION = xctest;
			};
			name = Debug;
		};
		EAA9EE9218942C2200D198A5 /* Release */ = {
			isa = XCBuildConfiguration;
			buildSettings = {
				ARCHS = "$(ARCHS_STANDARD_INCLUDING_64_BIT)";
				BUNDLE_LOADER = "$(BUILT_PRODUCTS_DIR)/WiMTTest.app/WiMTTest";
				FRAMEWORK_SEARCH_PATHS = (
					"$(SDKROOT)/Developer/Library/Frameworks",
					"$(inherited)",
					"$(DEVELOPER_FRAMEWORKS_DIR)",
				);
				GCC_PRECOMPILE_PREFIX_HEADER = YES;
				GCC_PREFIX_HEADER = "WiMTTest/WiMTTest-Prefix.pch";
				INFOPLIST_FILE = "WiMTTestTests/WiMTTestTests-Info.plist";
				PRODUCT_NAME = "$(TARGET_NAME)";
				TEST_HOST = "$(BUNDLE_LOADER)";
				WRAPPER_EXTENSION = xctest;
			};
			name = Release;
		};
/* End XCBuildConfiguration section */

/* Begin XCConfigurationList section */
		EAA9EE4C18942C2200D198A5 /* Build configuration list for PBXProject "WiMTTest" */ = {
			isa = XCConfigurationList;
			buildConfigurations = (
				EAA9EE8B18942C2200D198A5 /* Debug */,
				EAA9EE8C18942C2200D198A5 /* Release */,
			);
			defaultConfigurationIsVisible = 0;
			defaultConfigurationName = Release;
		};
		EAA9EE8D18942C2200D198A5 /* Build configuration list for PBXNativeTarget "WiMTTest" */ = {
			isa = XCConfigurationList;
			buildConfigurations = (
				EAA9EE8E18942C2200D198A5 /* Debug */,
				EAA9EE8F18942C2200D198A5 /* Release */,
			);
			defaultConfigurationIsVisible = 0;
			defaultConfigurationName = Release;
		};
		EAA9EE9018942C2200D198A5 /* Build configuration list for PBXNativeTarget "WiMTTestTests" */ = {
			isa = XCConfigurationList;
			buildConfigurations = (
				EAA9EE9118942C2200D198A5 /* Debug */,
				EAA9EE9218942C2200D198A5 /* Release */,
			);
			defaultConfigurationIsVisible = 0;
			defaultConfigurationName = Release;
		};
/* End XCConfigurationList section */
	};
	rootObject = EAA9EE4918942C2200D198A5 /* Project object */;
}
